
Microsoft Visual Studio Solution File, Format Version 12.00
# Visual Studio 2012
Project("{FAE04EC0-301F-11D3-BF4B-00C04F79EFBC}") = "TataAppMacPre", "TataAppMacPre\TataAppMacPre.csproj", "{F1D8D676-3EB1-498E-BCEF-BF7953477D87}"
EndProject
Project("{FAE04EC0-301F-11D3-BF4B-00C04F79EFBC}") = "TataAppMacPre.iOS", "iOS\TataAppMacPre.iOS.csproj", "{B5FD52DF-DE7E-423D-9133-7D9D425A8648}"
EndProject
Project("{FAE04EC0-301F-11D3-BF4B-00C04F79EFBC}") = "TataAppMacPre.Droid", "Droid\TataAppMacPre.Droid.csproj", "{5163F380-7D85-4034-B749-EF2201EC782C}"
EndProject
Global
	GlobalSection(SolutionConfigurationPlatforms) = preSolution
		Debug|Any CPU = Debug|Any CPU
		Release|Any CPU = Release|Any CPU
		Debug|iPhoneSimulator = Debug|iPhoneSimulator
		Release|iPhone = Release|iPhone
		Release|iPhoneSimulator = Release|iPhoneSimulator
		Debug|iPhone = Debug|iPhone
	EndGlobalSection
	GlobalSection(ProjectConfigurationPlatforms) = postSolution
		{F1D8D676-3EB1-498E-BCEF-BF7953477D87}.Debug|Any CPU.ActiveCfg = Debug|Any CPU
		{F1D8D676-3EB1-498E-BCEF-BF7953477D87}.Debug|Any CPU.Build.0 = Debug|Any CPU
		{F1D8D676-3EB1-498E-BCEF-BF7953477D87}.Release|Any CPU.ActiveCfg = Release|Any CPU
		{F1D8D676-3EB1-498E-BCEF-BF7953477D87}.Release|Any CPU.Build.0 = Release|Any CPU
		{F1D8D676-3EB1-498E-BCEF-BF7953477D87}.Debug|iPhoneSimulator.ActiveCfg = Debug|Any CPU
		{F1D8D676-3EB1-498E-BCEF-BF7953477D87}.Debug|iPhoneSimulator.Build.0 = Debug|Any CPU
		{F1D8D676-3EB1-498E-BCEF-BF7953477D87}.Release|iPhone.ActiveCfg = Release|Any CPU
		{F1D8D676-3EB1-498E-BCEF-BF7953477D87}.Release|iPhone.Build.0 = Release|Any CPU
		{F1D8D676-3EB1-498E-BCEF-BF7953477D87}.Release|iPhoneSimulator.ActiveCfg = Release|Any CPU
		{F1D8D676-3EB1-498E-BCEF-BF7953477D87}.Release|iPhoneSimulator.Build.0 = Release|Any CPU
		{F1D8D676-3EB1-498E-BCEF-BF7953477D87}.Debug|iPhone.ActiveCfg = Debug|Any CPU
		{F1D8D676-3EB1-498E-BCEF-BF7953477D87}.Debug|iPhone.Build.0 = Debug|Any CPU
		{B5FD52DF-DE7E-423D-9133-7D9D425A8648}.Debug|Any CPU.ActiveCfg = Debug|iPhoneSimulator
		{B5FD52DF-DE7E-423D-9133-7D9D425A8648}.Debug|Any CPU.Build.0 = Debug|iPhoneSimulator
		{B5FD52DF-DE7E-423D-9133-7D9D425A8648}.Release|Any CPU.ActiveCfg = Release|iPhone
		{B5FD52DF-DE7E-423D-9133-7D9D425A8648}.Release|Any CPU.Build.0 = Release|iPhone
		{B5FD52DF-DE7E-423D-9133-7D9D425A8648}.Debug|iPhoneSimulator.ActiveCfg = Debug|iPhoneSimulator
		{B5FD52DF-DE7E-423D-9133-7D9D425A8648}.Debug|iPhoneSimulator.Build.0 = Debug|iPhoneSimulator
		{B5FD52DF-DE7E-423D-9133-7D9D425A8648}.Release|iPhone.ActiveCfg = Release|iPhone
		{B5FD52DF-DE7E-423D-9133-7D9D425A8648}.Release|iPhone.Build.0 = Release|iPhone
		{B5FD52DF-DE7E-423D-9133-7D9D425A8648}.Release|iPhoneSimulator.ActiveCfg = Release|iPhoneSimulator
		{B5FD52DF-DE7E-423D-9133-7D9D425A8648}.Release|iPhoneSimulator.Build.0 = Release|iPhoneSimulator
		{B5FD52DF-DE7E-423D-9133-7D9D425A8648}.Debug|iPhone.ActiveCfg = Debug|iPhone
		{B5FD52DF-DE7E-423D-9133-7D9D425A8648}.Debug|iPhone.Build.0 = Debug|iPhone
		{5163F380-7D85-4034-B749-EF2201EC782C}.Debug|Any CPU.ActiveCfg = Debug|Any CPU
		{5163F380-7D85-4034-B749-EF2201EC782C}.Debug|Any CPU.Build.0 = Debug|Any CPU
		{5163F380-7D85-4034-B749-EF2201EC782C}.Release|Any CPU.ActiveCfg = Release|Any CPU
		{5163F380-7D85-4034-B749-EF2201EC782C}.Release|Any CPU.Build.0 = Release|Any CPU
		{5163F380-7D85-4034-B749-EF2201EC782C}.Debug|iPhoneSimulator.ActiveCfg = Debug|Any CPU
		{5163F380-7D85-4034-B749-EF2201EC782C}.Debug|iPhoneSimulator.Build.0 = Debug|Any CPU
		{5163F380-7D85-4034-B749-EF2201EC782C}.Release|iPhone.ActiveCfg = Release|Any CPU
		{5163F380-7D85-4034-B749-EF2201EC782C}.Release|iPhone.Build.0 = Release|Any CPU
		{5163F380-7D85-4034-B749-EF2201EC782C}.Release|iPhoneSimulator.ActiveCfg = Release|Any CPU
		{5163F380-7D85-4034-B749-EF2201EC782C}.Release|iPhoneSimulator.Build.0 = Release|Any CPU
		{5163F380-7D85-4034-B749-EF2201EC782C}.Debug|iPhone.ActiveCfg = Debug|Any CPU
		{5163F380-7D85-4034-B749-EF2201EC782C}.Debug|iPhone.Build.0 = Debug|Any CPU
	EndGlobalSection
EndGlobal
