
Microsoft Visual Studio Solution File, Format Version 12.00
# Visual Studio 2012
Project("{FAE04EC0-301F-11D3-BF4B-00C04F79EFBC}") = "TataAppMac", "TataAppMac\TataAppMac.csproj", "{74A1DEDF-CC6D-43D8-89E5-AF0E56CA3545}"
EndProject
Project("{FAE04EC0-301F-11D3-BF4B-00C04F79EFBC}") = "TataAppMac.iOS", "iOS\TataAppMac.iOS.csproj", "{631A9963-5429-445C-BFAE-AA73A256D3EE}"
EndProject
Project("{FAE04EC0-301F-11D3-BF4B-00C04F79EFBC}") = "TataAppMac.Droid", "Droid\TataAppMac.Droid.csproj", "{339AA46A-46BF-471C-86FD-DF230104D40A}"
EndProject
Global
	GlobalSection(SolutionConfigurationPlatforms) = preSolution
		Debug|Any CPU = Debug|Any CPU
		Release|Any CPU = Release|Any CPU
		Debug|iPhoneSimulator = Debug|iPhoneSimulator
		Release|iPhone = Release|iPhone
		Release|iPhoneSimulator = Release|iPhoneSimulator
		Debug|iPhone = Debug|iPhone
	EndGlobalSection
	GlobalSection(ProjectConfigurationPlatforms) = postSolution
		{74A1DEDF-CC6D-43D8-89E5-AF0E56CA3545}.Debug|Any CPU.ActiveCfg = Debug|Any CPU
		{74A1DEDF-CC6D-43D8-89E5-AF0E56CA3545}.Debug|Any CPU.Build.0 = Debug|Any CPU
		{74A1DEDF-CC6D-43D8-89E5-AF0E56CA3545}.Release|Any CPU.ActiveCfg = Release|Any CPU
		{74A1DEDF-CC6D-43D8-89E5-AF0E56CA3545}.Release|Any CPU.Build.0 = Release|Any CPU
		{74A1DEDF-CC6D-43D8-89E5-AF0E56CA3545}.Debug|iPhoneSimulator.ActiveCfg = Debug|Any CPU
		{74A1DEDF-CC6D-43D8-89E5-AF0E56CA3545}.Debug|iPhoneSimulator.Build.0 = Debug|Any CPU
		{74A1DEDF-CC6D-43D8-89E5-AF0E56CA3545}.Release|iPhone.ActiveCfg = Release|Any CPU
		{74A1DEDF-CC6D-43D8-89E5-AF0E56CA3545}.Release|iPhone.Build.0 = Release|Any CPU
		{74A1DEDF-CC6D-43D8-89E5-AF0E56CA3545}.Release|iPhoneSimulator.ActiveCfg = Release|Any CPU
		{74A1DEDF-CC6D-43D8-89E5-AF0E56CA3545}.Release|iPhoneSimulator.Build.0 = Release|Any CPU
		{74A1DEDF-CC6D-43D8-89E5-AF0E56CA3545}.Debug|iPhone.ActiveCfg = Debug|Any CPU
		{74A1DEDF-CC6D-43D8-89E5-AF0E56CA3545}.Debug|iPhone.Build.0 = Debug|Any CPU
		{631A9963-5429-445C-BFAE-AA73A256D3EE}.Debug|Any CPU.ActiveCfg = Debug|iPhoneSimulator
		{631A9963-5429-445C-BFAE-AA73A256D3EE}.Debug|Any CPU.Build.0 = Debug|iPhoneSimulator
		{631A9963-5429-445C-BFAE-AA73A256D3EE}.Release|Any CPU.ActiveCfg = Release|iPhone
		{631A9963-5429-445C-BFAE-AA73A256D3EE}.Release|Any CPU.Build.0 = Release|iPhone
		{631A9963-5429-445C-BFAE-AA73A256D3EE}.Debug|iPhoneSimulator.ActiveCfg = Debug|iPhoneSimulator
		{631A9963-5429-445C-BFAE-AA73A256D3EE}.Debug|iPhoneSimulator.Build.0 = Debug|iPhoneSimulator
		{631A9963-5429-445C-BFAE-AA73A256D3EE}.Release|iPhone.ActiveCfg = Release|iPhone
		{631A9963-5429-445C-BFAE-AA73A256D3EE}.Release|iPhone.Build.0 = Release|iPhone
		{631A9963-5429-445C-BFAE-AA73A256D3EE}.Release|iPhoneSimulator.ActiveCfg = Release|iPhoneSimulator
		{631A9963-5429-445C-BFAE-AA73A256D3EE}.Release|iPhoneSimulator.Build.0 = Release|iPhoneSimulator
		{631A9963-5429-445C-BFAE-AA73A256D3EE}.Debug|iPhone.ActiveCfg = Debug|iPhone
		{631A9963-5429-445C-BFAE-AA73A256D3EE}.Debug|iPhone.Build.0 = Debug|iPhone
		{339AA46A-46BF-471C-86FD-DF230104D40A}.Debug|Any CPU.ActiveCfg = Debug|Any CPU
		{339AA46A-46BF-471C-86FD-DF230104D40A}.Debug|Any CPU.Build.0 = Debug|Any CPU
		{339AA46A-46BF-471C-86FD-DF230104D40A}.Release|Any CPU.ActiveCfg = Release|Any CPU
		{339AA46A-46BF-471C-86FD-DF230104D40A}.Release|Any CPU.Build.0 = Release|Any CPU
		{339AA46A-46BF-471C-86FD-DF230104D40A}.Debug|iPhoneSimulator.ActiveCfg = Debug|Any CPU
		{339AA46A-46BF-471C-86FD-DF230104D40A}.Debug|iPhoneSimulator.Build.0 = Debug|Any CPU
		{339AA46A-46BF-471C-86FD-DF230104D40A}.Release|iPhone.ActiveCfg = Release|Any CPU
		{339AA46A-46BF-471C-86FD-DF230104D40A}.Release|iPhone.Build.0 = Release|Any CPU
		{339AA46A-46BF-471C-86FD-DF230104D40A}.Release|iPhoneSimulator.ActiveCfg = Release|Any CPU
		{339AA46A-46BF-471C-86FD-DF230104D40A}.Release|iPhoneSimulator.Build.0 = Release|Any CPU
		{339AA46A-46BF-471C-86FD-DF230104D40A}.Debug|iPhone.ActiveCfg = Debug|Any CPU
		{339AA46A-46BF-471C-86FD-DF230104D40A}.Debug|iPhone.Build.0 = Debug|Any CPU
	EndGlobalSection
EndGlobal
